{
  "name": "demo-vulnerable-app",
  "version": "1.0.0",
  "lockfileVersion": 2,
  "requires": true,
  "packages": {
    "": {
      "name": "demo-vulnerable-app",
      "version": "1.0.0",
      "dependencies": {
        "express": "4.17.1",
        "lodash": "4.17.20",
        "expreess": "^1.0.0",
        "internal-auth-service": "0.0.1",
        "company-payments-sdk": "2.1.0"
      }
    },
    "node_modules/express": {
      "version": "4.17.1",
      "resolved": "https://registry.npmjs.org/express/-/express-4.17.1.tgz",
      "integrity": "sha512-mHJ9O79RqluphRrcw2X/GTh3k9tVv8YcoyY4Kkh4WDMUYKRqxqfi9UhkRgzgG0RzZtxJZ8iVEEVWyFd13ZWL6A==",
      "dependencies": {
        "qs": "6.5.2"
      }
    },
    "node_modules/qs": {
      "version": "6.5.2",
      "resolved": "http://registry.npmjs.org/qs/-/qs-6.5.2.tgz",
      "integrity": "sha512-N5ZAX4/LxJmF+7wN74pUD6qAh9/wnvdQcjq9TZjevvXzSUo7bfmw91ont2UQl6EBiSXAkFbQc84Zn22v8FVCtg=="
    }
  }
}
